
Microsoft Visual Studio Solution File, Format Version 12.00
# Visual Studio 14
VisualStudioVersion = 14.0.25420.1
MinimumVisualStudioVersion = 10.0.40219.1
Project("{FAE04EC0-301F-11D3-BF4B-00C04F79EFBC}") = "ASETAssignment", "ASETAssignment\ASETAssignment.csproj", "{860C85A3-C751-4B8F-A0F7-3C316BE99539}"
EndProject
Global
	GlobalSection(SolutionConfigurationPlatforms) = preSolution
		Debug|Any CPU = Debug|Any CPU
		Release|Any CPU = Release|Any CPU
	EndGlobalSection
	GlobalSection(ProjectConfigurationPlatforms) = postSolution
		{860C85A3-C751-4B8F-A0F7-3C316BE99539}.Debug|Any CPU.ActiveCfg = Debug|Any CPU
		{860C85A3-C751-4B8F-A0F7-3C316BE99539}.Debug|Any CPU.Build.0 = Debug|Any CPU
		{860C85A3-C751-4B8F-A0F7-3C316BE99539}.Release|Any CPU.ActiveCfg = Release|Any CPU
		{860C85A3-C751-4B8F-A0F7-3C316BE99539}.Release|Any CPU.Build.0 = Release|Any CPU
	EndGlobalSection
	GlobalSection(SolutionProperties) = preSolution
		HideSolutionNode = FALSE
	EndGlobalSection
EndGlobal
